
Microsoft Visual Studio Solution File, Format Version 12.00
# Visual Studio Version 16
VisualStudioVersion = 16.0.30804.86
MinimumVisualStudioVersion = 10.0.40219.1
Project("{FAE04EC0-301F-11D3-BF4B-00C04F79EFBC}") = "VideoFrameSimilaritySort", "VideoFrameSimilaritySort\VideoFrameSimilaritySort.csproj", "{C20A4CB5-F01F-4724-8B44-E9CD50B54804}"
EndProject
Project("{FAE04EC0-301F-11D3-BF4B-00C04F79EFBC}") = "PerformanceBenchmarks", "PerformanceBenchmarks\PerformanceBenchmarks.csproj", "{B67CAC8B-A2D4-4185-AF0A-ADB775FED176}"
EndProject
Project("{FAE04EC0-301F-11D3-BF4B-00C04F79EFBC}") = "VideoFrameSimilaritySort-CrossPlatform-CLI", "VideoFrameSimilaritySort-CrossPlatform-CLI\VideoFrameSimilaritySort-CrossPlatform-CLI.csproj", "{A8A14C4D-6562-4EF0-A290-D3A6CBA242C1}"
EndProject
Global
	GlobalSection(SolutionConfigurationPlatforms) = preSolution
		Debug|Any CPU = Debug|Any CPU
		Debug|x64 = Debug|x64
		Release|Any CPU = Release|Any CPU
		Release|x64 = Release|x64
	EndGlobalSection
	GlobalSection(ProjectConfigurationPlatforms) = postSolution
		{C20A4CB5-F01F-4724-8B44-E9CD50B54804}.Debug|Any CPU.ActiveCfg = Debug|Any CPU
		{C20A4CB5-F01F-4724-8B44-E9CD50B54804}.Debug|Any CPU.Build.0 = Debug|Any CPU
		{C20A4CB5-F01F-4724-8B44-E9CD50B54804}.Debug|x64.ActiveCfg = Debug|x64
		{C20A4CB5-F01F-4724-8B44-E9CD50B54804}.Debug|x64.Build.0 = Debug|x64
		{C20A4CB5-F01F-4724-8B44-E9CD50B54804}.Release|Any CPU.ActiveCfg = Release|Any CPU
		{C20A4CB5-F01F-4724-8B44-E9CD50B54804}.Release|Any CPU.Build.0 = Release|Any CPU
		{C20A4CB5-F01F-4724-8B44-E9CD50B54804}.Release|x64.ActiveCfg = Release|x64
		{C20A4CB5-F01F-4724-8B44-E9CD50B54804}.Release|x64.Build.0 = Release|x64
		{B67CAC8B-A2D4-4185-AF0A-ADB775FED176}.Debug|Any CPU.ActiveCfg = Debug|Any CPU
		{B67CAC8B-A2D4-4185-AF0A-ADB775FED176}.Debug|Any CPU.Build.0 = Debug|Any CPU
		{B67CAC8B-A2D4-4185-AF0A-ADB775FED176}.Debug|x64.ActiveCfg = Debug|Any CPU
		{B67CAC8B-A2D4-4185-AF0A-ADB775FED176}.Debug|x64.Build.0 = Debug|Any CPU
		{B67CAC8B-A2D4-4185-AF0A-ADB775FED176}.Release|Any CPU.ActiveCfg = Release|Any CPU
		{B67CAC8B-A2D4-4185-AF0A-ADB775FED176}.Release|Any CPU.Build.0 = Release|Any CPU
		{B67CAC8B-A2D4-4185-AF0A-ADB775FED176}.Release|x64.ActiveCfg = Release|Any CPU
		{B67CAC8B-A2D4-4185-AF0A-ADB775FED176}.Release|x64.Build.0 = Release|Any CPU
		{A8A14C4D-6562-4EF0-A290-D3A6CBA242C1}.Debug|Any CPU.ActiveCfg = Debug|Any CPU
		{A8A14C4D-6562-4EF0-A290-D3A6CBA242C1}.Debug|Any CPU.Build.0 = Debug|Any CPU
		{A8A14C4D-6562-4EF0-A290-D3A6CBA242C1}.Debug|x64.ActiveCfg = Debug|Any CPU
		{A8A14C4D-6562-4EF0-A290-D3A6CBA242C1}.Debug|x64.Build.0 = Debug|Any CPU
		{A8A14C4D-6562-4EF0-A290-D3A6CBA242C1}.Release|Any CPU.ActiveCfg = Release|Any CPU
		{A8A14C4D-6562-4EF0-A290-D3A6CBA242C1}.Release|Any CPU.Build.0 = Release|Any CPU
		{A8A14C4D-6562-4EF0-A290-D3A6CBA242C1}.Release|x64.ActiveCfg = Release|Any CPU
		{A8A14C4D-6562-4EF0-A290-D3A6CBA242C1}.Release|x64.Build.0 = Release|Any CPU
	EndGlobalSection
	GlobalSection(SolutionProperties) = preSolution
		HideSolutionNode = FALSE
	EndGlobalSection
	GlobalSection(ExtensibilityGlobals) = postSolution
		SolutionGuid = {7301F470-9C52-4C32-B87C-B5A27BFFA794}
	EndGlobalSection
EndGlobal
